
Microsoft Visual Studio Solution File, Format Version 12.00
# Visual Studio Version 17
VisualStudioVersion = 17.5.33502.453
MinimumVisualStudioVersion = 10.0.40219.1
Project("{FAE04EC0-301F-11D3-BF4B-00C04F79EFBC}") = "RazklashtaneNaMelrah", "RazklashtaneNaMelrah\RazklashtaneNaMelrah.csproj", "{8DB62D52-4119-4B7C-9558-666C9A2A3C7C}"
EndProject
Project("{FAE04EC0-301F-11D3-BF4B-00C04F79EFBC}") = "KarateString", "KarateString\KarateString.csproj", "{96475E7C-96F5-4326-AD43-E812A6972523}"
EndProject
Project("{FAE04EC0-301F-11D3-BF4B-00C04F79EFBC}") = "Cenzura", "Cenzura\Cenzura.csproj", "{B591EB2A-F487-4222-A88E-1445C6D7B295}"
EndProject
Global
	GlobalSection(SolutionConfigurationPlatforms) = preSolution
		Debug|Any CPU = Debug|Any CPU
		Release|Any CPU = Release|Any CPU
	EndGlobalSection
	GlobalSection(ProjectConfigurationPlatforms) = postSolution
		{8DB62D52-4119-4B7C-9558-666C9A2A3C7C}.Debug|Any CPU.ActiveCfg = Debug|Any CPU
		{8DB62D52-4119-4B7C-9558-666C9A2A3C7C}.Debug|Any CPU.Build.0 = Debug|Any CPU
		{8DB62D52-4119-4B7C-9558-666C9A2A3C7C}.Release|Any CPU.ActiveCfg = Release|Any CPU
		{8DB62D52-4119-4B7C-9558-666C9A2A3C7C}.Release|Any CPU.Build.0 = Release|Any CPU
		{96475E7C-96F5-4326-AD43-E812A6972523}.Debug|Any CPU.ActiveCfg = Debug|Any CPU
		{96475E7C-96F5-4326-AD43-E812A6972523}.Debug|Any CPU.Build.0 = Debug|Any CPU
		{96475E7C-96F5-4326-AD43-E812A6972523}.Release|Any CPU.ActiveCfg = Release|Any CPU
		{96475E7C-96F5-4326-AD43-E812A6972523}.Release|Any CPU.Build.0 = Release|Any CPU
		{B591EB2A-F487-4222-A88E-1445C6D7B295}.Debug|Any CPU.ActiveCfg = Debug|Any CPU
		{B591EB2A-F487-4222-A88E-1445C6D7B295}.Debug|Any CPU.Build.0 = Debug|Any CPU
		{B591EB2A-F487-4222-A88E-1445C6D7B295}.Release|Any CPU.ActiveCfg = Release|Any CPU
		{B591EB2A-F487-4222-A88E-1445C6D7B295}.Release|Any CPU.Build.0 = Release|Any CPU
	EndGlobalSection
	GlobalSection(SolutionProperties) = preSolution
		HideSolutionNode = FALSE
	EndGlobalSection
	GlobalSection(ExtensibilityGlobals) = postSolution
		SolutionGuid = {0AEB85BA-F82A-483B-A7A1-F00D36755837}
	EndGlobalSection
EndGlobal
